
Microsoft Visual Studio Solution File, Format Version 12.00
# Visual Studio 14
VisualStudioVersion = 14.0.25420.1
MinimumVisualStudioVersion = 10.0.40219.1
Project("{8BB2217D-0F2D-49D1-97BC-3654ED321F3B}") = "PPTail", "PPTail\PPTail.xproj", "{399BA252-B5D3-4912-A5C2-0760F325837A}"
EndProject
Project("{8BB2217D-0F2D-49D1-97BC-3654ED321F3B}") = "PPTail.Common", "PPTail.Common\PPTail.Common.xproj", "{BD3009C6-BA42-4029-815D-8774ACE59C60}"
EndProject
Project("{2150E333-8FDC-42A3-9474-1A3956D46DE8}") = "Src", "Src", "{D393F4F6-8FF4-452C-B1BB-070DEFA7FD31}"
EndProject
Project("{2150E333-8FDC-42A3-9474-1A3956D46DE8}") = "Test", "Test", "{1AF51888-396D-4451-AB09-1CEC9AAC5BA5}"
EndProject
Project("{8BB2217D-0F2D-49D1-97BC-3654ED321F3B}") = "PPTail.Data.FileSystem", "PPTail.Data.FileSystem\PPTail.Data.FileSystem.xproj", "{D2412FFD-AC36-470D-BF16-E87463A22D26}"
EndProject
Project("{2150E333-8FDC-42A3-9474-1A3956D46DE8}") = "Solution Items", "Solution Items", "{B28258E1-3587-4F84-B41F-1EE3A9139868}"
	ProjectSection(SolutionItems) = preProject
		Archive.template.html = Archive.template.html
		ArchiveItem.template.html = ArchiveItem.template.html
		bootstrap.min.css = bootstrap.min.css
		ContactPage.template.html = ContactPage.template.html
		ContentItem.template.html = ContentItem.template.html
		ContentPage.template.html = ContentPage.template.html
		global.json = global.json
		Homepage.template.html = Homepage.template.html
		PostPage.template.html = PostPage.template.html
		Redirect.template.html = Redirect.template.html
		Style.template.css = Style.template.css
		Syndication.template.xml = Syndication.template.xml
		SyndicationItem.template.xml = SyndicationItem.template.xml
	EndProjectSection
EndProject
Project("{8BB2217D-0F2D-49D1-97BC-3654ED321F3B}") = "PPTail.Data.FileSystem.Test", "PPTail.Data.FileSystem.Test\PPTail.Data.FileSystem.Test.xproj", "{4060760D-0892-4E38-B97F-E05D8D6CED40}"
EndProject
Project("{8BB2217D-0F2D-49D1-97BC-3654ED321F3B}") = "PPTail.Generator.T4Html", "PPTail.Generator.T4Html\PPTail.Generator.T4Html.xproj", "{0CB0D4F4-B9BD-490F-B13F-8B8F21DAA85D}"
EndProject
Project("{8BB2217D-0F2D-49D1-97BC-3654ED321F3B}") = "PPTail.Generator.T4Html.Test", "PPTail.Generator.T4Html.Test\PPTail.Generator.T4Html.Test.xproj", "{BB1DF9B4-FAE1-4EFF-B0D3-2003E6415D1E}"
EndProject
Project("{8BB2217D-0F2D-49D1-97BC-3654ED321F3B}") = "PPTail.SiteGenerator", "PPTail.SiteGenerator\PPTail.SiteGenerator.xproj", "{57C13842-A341-473A-9114-10C44CF3FE7F}"
EndProject
Project("{8BB2217D-0F2D-49D1-97BC-3654ED321F3B}") = "PPTail.SiteGenerator.Test", "PPTail.SiteGenerator.Test\PPTail.SiteGenerator.Test.xproj", "{2E7E8BCF-3E7E-4A51-924C-D265B6CB2479}"
EndProject
Project("{8BB2217D-0F2D-49D1-97BC-3654ED321F3B}") = "PPTail.Common.Test", "PPTail.Common.Test\PPTail.Common.Test.xproj", "{BF653504-69E3-4CE6-9388-9AE4F01B5BF8}"
EndProject
Project("{8BB2217D-0F2D-49D1-97BC-3654ED321F3B}") = "PPTail.Generator.TagCloudStyler", "PPTail.Generator.TagCloudStyler\PPTail.Generator.TagCloudStyler.xproj", "{42023F20-F8FF-4A27-8A2A-C3CBAB890CDB}"
EndProject
Project("{8BB2217D-0F2D-49D1-97BC-3654ED321F3B}") = "PPTail.Generator.TagCloudStyler.Test", "PPTail.Generator.TagCloudStyler.Test\PPTail.Generator.TagCloudStyler.Test.xproj", "{A08D3181-D0C3-4CB2-B8BD-29FEF12E7B79}"
EndProject
Project("{8BB2217D-0F2D-49D1-97BC-3654ED321F3B}") = "PPTail.Generator.Navigation", "PPTail.Generator.Navigation\PPTail.Generator.Navigation.xproj", "{A08B2636-3521-43CA-BD78-AB32BF242AB8}"
EndProject
Project("{8BB2217D-0F2D-49D1-97BC-3654ED321F3B}") = "PPTail.Generator.Navigation.Test", "PPTail.Generator.Navigation.Test\PPTail.Generator.Navigation.Test.xproj", "{1657256C-4498-4906-A346-D954304080C3}"
EndProject
Project("{8BB2217D-0F2D-49D1-97BC-3654ED321F3B}") = "PPTail.Generator.Archive", "PPTail.Generator.Archive\PPTail.Generator.Archive.xproj", "{B52A88C8-427A-4676-8668-C7576F531450}"
EndProject
Project("{8BB2217D-0F2D-49D1-97BC-3654ED321F3B}") = "PPTail.Generator.Archive.Test", "PPTail.Generator.Archive.Test\PPTail.Generator.Archive.Test.xproj", "{D0B7399C-796A-4CD7-AD21-B91435982617}"
EndProject
Project("{8BB2217D-0F2D-49D1-97BC-3654ED321F3B}") = "PPTail.Generator.Contact", "PPTail.Generator.Contact\PPTail.Generator.Contact.xproj", "{2B1889EB-DF28-44B9-9160-2E4ECDC40085}"
EndProject
Project("{8BB2217D-0F2D-49D1-97BC-3654ED321F3B}") = "PPTail.Generator.Contact.Test", "PPTail.Generator.Contact.Test\PPTail.Generator.Contact.Test.xproj", "{30F6DD9B-A671-48D8-B674-6287BC98408C}"
EndProject
Project("{8BB2217D-0F2D-49D1-97BC-3654ED321F3B}") = "PPTail.Output.FileSystem", "PPTail.Output.FileSystem\PPTail.Output.FileSystem.xproj", "{B1A61347-E394-425A-8A85-D46DD5F08F81}"
EndProject
Project("{8BB2217D-0F2D-49D1-97BC-3654ED321F3B}") = "PPTail.Io", "PPTail.Io\PPTail.Io.xproj", "{F10FF903-7352-450B-9FE6-22889427C75F}"
EndProject
Project("{8BB2217D-0F2D-49D1-97BC-3654ED321F3B}") = "PPTail.Output.FileSystem.Test", "PPTail.Output.FileSystem.Test\PPTail.Output.FileSystem.Test.xproj", "{F76B8F95-FDF6-410F-9E7B-DAD26ABB8930}"
EndProject
Project("{8BB2217D-0F2D-49D1-97BC-3654ED321F3B}") = "PPTail.Generator.Search", "PPTail.Generator.Search\PPTail.Generator.Search.xproj", "{9DB96A5F-4B5E-4493-A917-713363E26147}"
EndProject
Project("{8BB2217D-0F2D-49D1-97BC-3654ED321F3B}") = "PPTail.Generator.Search.Test", "PPTail.Generator.Search.Test\PPTail.Generator.Search.Test.xproj", "{DF8F87DA-561E-497B-BDD0-25DDBC8809B8}"
EndProject
Project("{8BB2217D-0F2D-49D1-97BC-3654ED321F3B}") = "PPTail.Generator.Redirect", "PPTail.Generator.Redirect\PPTail.Generator.Redirect.xproj", "{F12BFDBD-C950-4307-BEEC-2495332ACD1A}"
EndProject
Project("{8BB2217D-0F2D-49D1-97BC-3654ED321F3B}") = "PPTail.Generator.Redirect.Test", "PPTail.Generator.Redirect.Test\PPTail.Generator.Redirect.Test.xproj", "{A87E3D7C-94B2-432C-ADD9-D908BC928B26}"
EndProject
Project("{8BB2217D-0F2D-49D1-97BC-3654ED321F3B}") = "PPTail.Generator.Syndication", "PPTail.Generator.Syndication\PPTail.Generator.Syndication.xproj", "{82AE1167-3D1D-401D-A853-19EDED09A3E6}"
EndProject
Project("{8BB2217D-0F2D-49D1-97BC-3654ED321F3B}") = "PPTail.Generator.Syndication.Test", "PPTail.Generator.Syndication.Test\PPTail.Generator.Syndication.Test.xproj", "{0197C544-A527-4DA4-95FB-3B3C917691E7}"
EndProject
Project("{2150E333-8FDC-42A3-9474-1A3956D46DE8}") = "Output", "Output", "{43C10571-668A-4C6D-A40F-9613CAB3B21B}"
EndProject
Project("{8BB2217D-0F2D-49D1-97BC-3654ED321F3B}") = "GeneratedWebApp", "GeneratedWebApp\GeneratedWebApp.xproj", "{671F3D6C-A10F-45B9-A830-25758DBB10E5}"
EndProject
Project("{8BB2217D-0F2D-49D1-97BC-3654ED321F3B}") = "PPTail.Generator.HomePage", "PPTail.Generator.HomePage\PPTail.Generator.HomePage.xproj", "{00DDB698-C1F7-485B-94BB-2B74D5DDD0BC}"
EndProject
Project("{8BB2217D-0F2D-49D1-97BC-3654ED321F3B}") = "PPTail.Generator.HomePage.Test", "PPTail.Generator.HomePage.Test\PPTail.Generator.HomePage.Test.xproj", "{946F55F1-4CEC-4550-BE78-98A587DECCA6}"
EndProject
Project("{8BB2217D-0F2D-49D1-97BC-3654ED321F3B}") = "PPTail.Generator.Links", "PPTail.Generator.Links\PPTail.Generator.Links.xproj", "{A90DCBB4-CC8C-46C7-98B8-D73DA2E4F664}"
EndProject
Project("{8BB2217D-0F2D-49D1-97BC-3654ED321F3B}") = "PPTail.Generator.Links.Test", "PPTail.Generator.Links.Test\PPTail.Generator.Links.Test.xproj", "{844800E1-67FB-4841-AA48-EBBCA67A4AB4}"
EndProject
Project("{8BB2217D-0F2D-49D1-97BC-3654ED321F3B}") = "PPTail.Generator.Template", "PPTail.Generator.Template\PPTail.Generator.Template.xproj", "{CA4B8260-9B40-4B39-B103-2FBEA4EAE15F}"
EndProject
Project("{8BB2217D-0F2D-49D1-97BC-3654ED321F3B}") = "PPTail.Generator.Template.Test", "PPTail.Generator.Template.Test\PPTail.Generator.Template.Test.xproj", "{2EDA1B22-24B5-4362-B17C-10AB894C1B57}"
EndProject
Project("{8BB2217D-0F2D-49D1-97BC-3654ED321F3B}") = "PPTail.Generator.Encoder", "PPTail.Generator.Encoder\PPTail.Generator.Encoder.xproj", "{66CCDABD-47E4-436C-B92A-5AA82BF9820B}"
EndProject
Project("{8BB2217D-0F2D-49D1-97BC-3654ED321F3B}") = "PPTail.Generator.Encoder.Test", "PPTail.Generator.Encoder.Test\PPTail.Generator.Encoder.Test.xproj", "{9A508FD0-A18D-4194-8F39-514CE88F4CF7}"
EndProject
Global
	GlobalSection(SolutionConfigurationPlatforms) = preSolution
		Debug|Any CPU = Debug|Any CPU
		Release|Any CPU = Release|Any CPU
	EndGlobalSection
	GlobalSection(ProjectConfigurationPlatforms) = postSolution
		{399BA252-B5D3-4912-A5C2-0760F325837A}.Debug|Any CPU.ActiveCfg = Debug|Any CPU
		{399BA252-B5D3-4912-A5C2-0760F325837A}.Debug|Any CPU.Build.0 = Debug|Any CPU
		{399BA252-B5D3-4912-A5C2-0760F325837A}.Release|Any CPU.ActiveCfg = Release|Any CPU
		{399BA252-B5D3-4912-A5C2-0760F325837A}.Release|Any CPU.Build.0 = Release|Any CPU
		{BD3009C6-BA42-4029-815D-8774ACE59C60}.Debug|Any CPU.ActiveCfg = Debug|Any CPU
		{BD3009C6-BA42-4029-815D-8774ACE59C60}.Debug|Any CPU.Build.0 = Debug|Any CPU
		{BD3009C6-BA42-4029-815D-8774ACE59C60}.Release|Any CPU.ActiveCfg = Release|Any CPU
		{BD3009C6-BA42-4029-815D-8774ACE59C60}.Release|Any CPU.Build.0 = Release|Any CPU
		{D2412FFD-AC36-470D-BF16-E87463A22D26}.Debug|Any CPU.ActiveCfg = Debug|Any CPU
		{D2412FFD-AC36-470D-BF16-E87463A22D26}.Debug|Any CPU.Build.0 = Debug|Any CPU
		{D2412FFD-AC36-470D-BF16-E87463A22D26}.Release|Any CPU.ActiveCfg = Release|Any CPU
		{D2412FFD-AC36-470D-BF16-E87463A22D26}.Release|Any CPU.Build.0 = Release|Any CPU
		{4060760D-0892-4E38-B97F-E05D8D6CED40}.Debug|Any CPU.ActiveCfg = Debug|Any CPU
		{4060760D-0892-4E38-B97F-E05D8D6CED40}.Debug|Any CPU.Build.0 = Debug|Any CPU
		{4060760D-0892-4E38-B97F-E05D8D6CED40}.Release|Any CPU.ActiveCfg = Release|Any CPU
		{4060760D-0892-4E38-B97F-E05D8D6CED40}.Release|Any CPU.Build.0 = Release|Any CPU
		{0CB0D4F4-B9BD-490F-B13F-8B8F21DAA85D}.Debug|Any CPU.ActiveCfg = Debug|Any CPU
		{0CB0D4F4-B9BD-490F-B13F-8B8F21DAA85D}.Debug|Any CPU.Build.0 = Debug|Any CPU
		{0CB0D4F4-B9BD-490F-B13F-8B8F21DAA85D}.Release|Any CPU.ActiveCfg = Release|Any CPU
		{0CB0D4F4-B9BD-490F-B13F-8B8F21DAA85D}.Release|Any CPU.Build.0 = Release|Any CPU
		{BB1DF9B4-FAE1-4EFF-B0D3-2003E6415D1E}.Debug|Any CPU.ActiveCfg = Debug|Any CPU
		{BB1DF9B4-FAE1-4EFF-B0D3-2003E6415D1E}.Debug|Any CPU.Build.0 = Debug|Any CPU
		{BB1DF9B4-FAE1-4EFF-B0D3-2003E6415D1E}.Release|Any CPU.ActiveCfg = Release|Any CPU
		{BB1DF9B4-FAE1-4EFF-B0D3-2003E6415D1E}.Release|Any CPU.Build.0 = Release|Any CPU
		{57C13842-A341-473A-9114-10C44CF3FE7F}.Debug|Any CPU.ActiveCfg = Debug|Any CPU
		{57C13842-A341-473A-9114-10C44CF3FE7F}.Debug|Any CPU.Build.0 = Debug|Any CPU
		{57C13842-A341-473A-9114-10C44CF3FE7F}.Release|Any CPU.ActiveCfg = Release|Any CPU
		{57C13842-A341-473A-9114-10C44CF3FE7F}.Release|Any CPU.Build.0 = Release|Any CPU
		{2E7E8BCF-3E7E-4A51-924C-D265B6CB2479}.Debug|Any CPU.ActiveCfg = Debug|Any CPU
		{2E7E8BCF-3E7E-4A51-924C-D265B6CB2479}.Debug|Any CPU.Build.0 = Debug|Any CPU
		{2E7E8BCF-3E7E-4A51-924C-D265B6CB2479}.Release|Any CPU.ActiveCfg = Release|Any CPU
		{2E7E8BCF-3E7E-4A51-924C-D265B6CB2479}.Release|Any CPU.Build.0 = Release|Any CPU
		{BF653504-69E3-4CE6-9388-9AE4F01B5BF8}.Debug|Any CPU.ActiveCfg = Debug|Any CPU
		{BF653504-69E3-4CE6-9388-9AE4F01B5BF8}.Debug|Any CPU.Build.0 = Debug|Any CPU
		{BF653504-69E3-4CE6-9388-9AE4F01B5BF8}.Release|Any CPU.ActiveCfg = Release|Any CPU
		{BF653504-69E3-4CE6-9388-9AE4F01B5BF8}.Release|Any CPU.Build.0 = Release|Any CPU
		{42023F20-F8FF-4A27-8A2A-C3CBAB890CDB}.Debug|Any CPU.ActiveCfg = Debug|Any CPU
		{42023F20-F8FF-4A27-8A2A-C3CBAB890CDB}.Debug|Any CPU.Build.0 = Debug|Any CPU
		{42023F20-F8FF-4A27-8A2A-C3CBAB890CDB}.Release|Any CPU.ActiveCfg = Release|Any CPU
		{42023F20-F8FF-4A27-8A2A-C3CBAB890CDB}.Release|Any CPU.Build.0 = Release|Any CPU
		{A08D3181-D0C3-4CB2-B8BD-29FEF12E7B79}.Debug|Any CPU.ActiveCfg = Debug|Any CPU
		{A08D3181-D0C3-4CB2-B8BD-29FEF12E7B79}.Debug|Any CPU.Build.0 = Debug|Any CPU
		{A08D3181-D0C3-4CB2-B8BD-29FEF12E7B79}.Release|Any CPU.ActiveCfg = Release|Any CPU
		{A08D3181-D0C3-4CB2-B8BD-29FEF12E7B79}.Release|Any CPU.Build.0 = Release|Any CPU
		{A08B2636-3521-43CA-BD78-AB32BF242AB8}.Debug|Any CPU.ActiveCfg = Debug|Any CPU
		{A08B2636-3521-43CA-BD78-AB32BF242AB8}.Debug|Any CPU.Build.0 = Debug|Any CPU
		{A08B2636-3521-43CA-BD78-AB32BF242AB8}.Release|Any CPU.ActiveCfg = Release|Any CPU
		{A08B2636-3521-43CA-BD78-AB32BF242AB8}.Release|Any CPU.Build.0 = Release|Any CPU
		{1657256C-4498-4906-A346-D954304080C3}.Debug|Any CPU.ActiveCfg = Debug|Any CPU
		{1657256C-4498-4906-A346-D954304080C3}.Debug|Any CPU.Build.0 = Debug|Any CPU
		{1657256C-4498-4906-A346-D954304080C3}.Release|Any CPU.ActiveCfg = Release|Any CPU
		{1657256C-4498-4906-A346-D954304080C3}.Release|Any CPU.Build.0 = Release|Any CPU
		{B52A88C8-427A-4676-8668-C7576F531450}.Debug|Any CPU.ActiveCfg = Debug|Any CPU
		{B52A88C8-427A-4676-8668-C7576F531450}.Debug|Any CPU.Build.0 = Debug|Any CPU
		{B52A88C8-427A-4676-8668-C7576F531450}.Release|Any CPU.ActiveCfg = Release|Any CPU
		{B52A88C8-427A-4676-8668-C7576F531450}.Release|Any CPU.Build.0 = Release|Any CPU
		{D0B7399C-796A-4CD7-AD21-B91435982617}.Debug|Any CPU.ActiveCfg = Debug|Any CPU
		{D0B7399C-796A-4CD7-AD21-B91435982617}.Debug|Any CPU.Build.0 = Debug|Any CPU
		{D0B7399C-796A-4CD7-AD21-B91435982617}.Release|Any CPU.ActiveCfg = Release|Any CPU
		{D0B7399C-796A-4CD7-AD21-B91435982617}.Release|Any CPU.Build.0 = Release|Any CPU
		{2B1889EB-DF28-44B9-9160-2E4ECDC40085}.Debug|Any CPU.ActiveCfg = Debug|Any CPU
		{2B1889EB-DF28-44B9-9160-2E4ECDC40085}.Debug|Any CPU.Build.0 = Debug|Any CPU
		{2B1889EB-DF28-44B9-9160-2E4ECDC40085}.Release|Any CPU.ActiveCfg = Release|Any CPU
		{2B1889EB-DF28-44B9-9160-2E4ECDC40085}.Release|Any CPU.Build.0 = Release|Any CPU
		{30F6DD9B-A671-48D8-B674-6287BC98408C}.Debug|Any CPU.ActiveCfg = Debug|Any CPU
		{30F6DD9B-A671-48D8-B674-6287BC98408C}.Debug|Any CPU.Build.0 = Debug|Any CPU
		{30F6DD9B-A671-48D8-B674-6287BC98408C}.Release|Any CPU.ActiveCfg = Release|Any CPU
		{30F6DD9B-A671-48D8-B674-6287BC98408C}.Release|Any CPU.Build.0 = Release|Any CPU
		{B1A61347-E394-425A-8A85-D46DD5F08F81}.Debug|Any CPU.ActiveCfg = Debug|Any CPU
		{B1A61347-E394-425A-8A85-D46DD5F08F81}.Debug|Any CPU.Build.0 = Debug|Any CPU
		{B1A61347-E394-425A-8A85-D46DD5F08F81}.Release|Any CPU.ActiveCfg = Release|Any CPU
		{B1A61347-E394-425A-8A85-D46DD5F08F81}.Release|Any CPU.Build.0 = Release|Any CPU
		{F10FF903-7352-450B-9FE6-22889427C75F}.Debug|Any CPU.ActiveCfg = Debug|Any CPU
		{F10FF903-7352-450B-9FE6-22889427C75F}.Debug|Any CPU.Build.0 = Debug|Any CPU
		{F10FF903-7352-450B-9FE6-22889427C75F}.Release|Any CPU.ActiveCfg = Release|Any CPU
		{F10FF903-7352-450B-9FE6-22889427C75F}.Release|Any CPU.Build.0 = Release|Any CPU
		{F76B8F95-FDF6-410F-9E7B-DAD26ABB8930}.Debug|Any CPU.ActiveCfg = Debug|Any CPU
		{F76B8F95-FDF6-410F-9E7B-DAD26ABB8930}.Debug|Any CPU.Build.0 = Debug|Any CPU
		{F76B8F95-FDF6-410F-9E7B-DAD26ABB8930}.Release|Any CPU.ActiveCfg = Release|Any CPU
		{F76B8F95-FDF6-410F-9E7B-DAD26ABB8930}.Release|Any CPU.Build.0 = Release|Any CPU
		{9DB96A5F-4B5E-4493-A917-713363E26147}.Debug|Any CPU.ActiveCfg = Debug|Any CPU
		{9DB96A5F-4B5E-4493-A917-713363E26147}.Debug|Any CPU.Build.0 = Debug|Any CPU
		{9DB96A5F-4B5E-4493-A917-713363E26147}.Release|Any CPU.ActiveCfg = Release|Any CPU
		{9DB96A5F-4B5E-4493-A917-713363E26147}.Release|Any CPU.Build.0 = Release|Any CPU
		{DF8F87DA-561E-497B-BDD0-25DDBC8809B8}.Debug|Any CPU.ActiveCfg = Debug|Any CPU
		{DF8F87DA-561E-497B-BDD0-25DDBC8809B8}.Debug|Any CPU.Build.0 = Debug|Any CPU
		{DF8F87DA-561E-497B-BDD0-25DDBC8809B8}.Release|Any CPU.ActiveCfg = Release|Any CPU
		{DF8F87DA-561E-497B-BDD0-25DDBC8809B8}.Release|Any CPU.Build.0 = Release|Any CPU
		{F12BFDBD-C950-4307-BEEC-2495332ACD1A}.Debug|Any CPU.ActiveCfg = Debug|Any CPU
		{F12BFDBD-C950-4307-BEEC-2495332ACD1A}.Debug|Any CPU.Build.0 = Debug|Any CPU
		{F12BFDBD-C950-4307-BEEC-2495332ACD1A}.Release|Any CPU.ActiveCfg = Release|Any CPU
		{F12BFDBD-C950-4307-BEEC-2495332ACD1A}.Release|Any CPU.Build.0 = Release|Any CPU
		{A87E3D7C-94B2-432C-ADD9-D908BC928B26}.Debug|Any CPU.ActiveCfg = Debug|Any CPU
		{A87E3D7C-94B2-432C-ADD9-D908BC928B26}.Debug|Any CPU.Build.0 = Debug|Any CPU
		{A87E3D7C-94B2-432C-ADD9-D908BC928B26}.Release|Any CPU.ActiveCfg = Release|Any CPU
		{A87E3D7C-94B2-432C-ADD9-D908BC928B26}.Release|Any CPU.Build.0 = Release|Any CPU
		{82AE1167-3D1D-401D-A853-19EDED09A3E6}.Debug|Any CPU.ActiveCfg = Debug|Any CPU
		{82AE1167-3D1D-401D-A853-19EDED09A3E6}.Debug|Any CPU.Build.0 = Debug|Any CPU
		{82AE1167-3D1D-401D-A853-19EDED09A3E6}.Release|Any CPU.ActiveCfg = Release|Any CPU
		{82AE1167-3D1D-401D-A853-19EDED09A3E6}.Release|Any CPU.Build.0 = Release|Any CPU
		{0197C544-A527-4DA4-95FB-3B3C917691E7}.Debug|Any CPU.ActiveCfg = Debug|Any CPU
		{0197C544-A527-4DA4-95FB-3B3C917691E7}.Debug|Any CPU.Build.0 = Debug|Any CPU
		{0197C544-A527-4DA4-95FB-3B3C917691E7}.Release|Any CPU.ActiveCfg = Release|Any CPU
		{0197C544-A527-4DA4-95FB-3B3C917691E7}.Release|Any CPU.Build.0 = Release|Any CPU
		{671F3D6C-A10F-45B9-A830-25758DBB10E5}.Debug|Any CPU.ActiveCfg = Debug|Any CPU
		{671F3D6C-A10F-45B9-A830-25758DBB10E5}.Debug|Any CPU.Build.0 = Debug|Any CPU
		{671F3D6C-A10F-45B9-A830-25758DBB10E5}.Release|Any CPU.ActiveCfg = Release|Any CPU
		{671F3D6C-A10F-45B9-A830-25758DBB10E5}.Release|Any CPU.Build.0 = Release|Any CPU
		{00DDB698-C1F7-485B-94BB-2B74D5DDD0BC}.Debug|Any CPU.ActiveCfg = Debug|Any CPU
		{00DDB698-C1F7-485B-94BB-2B74D5DDD0BC}.Debug|Any CPU.Build.0 = Debug|Any CPU
		{00DDB698-C1F7-485B-94BB-2B74D5DDD0BC}.Release|Any CPU.ActiveCfg = Release|Any CPU
		{00DDB698-C1F7-485B-94BB-2B74D5DDD0BC}.Release|Any CPU.Build.0 = Release|Any CPU
		{946F55F1-4CEC-4550-BE78-98A587DECCA6}.Debug|Any CPU.ActiveCfg = Debug|Any CPU
		{946F55F1-4CEC-4550-BE78-98A587DECCA6}.Debug|Any CPU.Build.0 = Debug|Any CPU
		{946F55F1-4CEC-4550-BE78-98A587DECCA6}.Release|Any CPU.ActiveCfg = Release|Any CPU
		{946F55F1-4CEC-4550-BE78-98A587DECCA6}.Release|Any CPU.Build.0 = Release|Any CPU
		{A90DCBB4-CC8C-46C7-98B8-D73DA2E4F664}.Debug|Any CPU.ActiveCfg = Debug|Any CPU
		{A90DCBB4-CC8C-46C7-98B8-D73DA2E4F664}.Debug|Any CPU.Build.0 = Debug|Any CPU
		{A90DCBB4-CC8C-46C7-98B8-D73DA2E4F664}.Release|Any CPU.ActiveCfg = Release|Any CPU
		{A90DCBB4-CC8C-46C7-98B8-D73DA2E4F664}.Release|Any CPU.Build.0 = Release|Any CPU
		{844800E1-67FB-4841-AA48-EBBCA67A4AB4}.Debug|Any CPU.ActiveCfg = Debug|Any CPU
		{844800E1-67FB-4841-AA48-EBBCA67A4AB4}.Debug|Any CPU.Build.0 = Debug|Any CPU
		{844800E1-67FB-4841-AA48-EBBCA67A4AB4}.Release|Any CPU.ActiveCfg = Release|Any CPU
		{844800E1-67FB-4841-AA48-EBBCA67A4AB4}.Release|Any CPU.Build.0 = Release|Any CPU
		{CA4B8260-9B40-4B39-B103-2FBEA4EAE15F}.Debug|Any CPU.ActiveCfg = Debug|Any CPU
		{CA4B8260-9B40-4B39-B103-2FBEA4EAE15F}.Debug|Any CPU.Build.0 = Debug|Any CPU
		{CA4B8260-9B40-4B39-B103-2FBEA4EAE15F}.Release|Any CPU.ActiveCfg = Release|Any CPU
		{CA4B8260-9B40-4B39-B103-2FBEA4EAE15F}.Release|Any CPU.Build.0 = Release|Any CPU
		{2EDA1B22-24B5-4362-B17C-10AB894C1B57}.Debug|Any CPU.ActiveCfg = Debug|Any CPU
		{2EDA1B22-24B5-4362-B17C-10AB894C1B57}.Debug|Any CPU.Build.0 = Debug|Any CPU
		{2EDA1B22-24B5-4362-B17C-10AB894C1B57}.Release|Any CPU.ActiveCfg = Release|Any CPU
		{2EDA1B22-24B5-4362-B17C-10AB894C1B57}.Release|Any CPU.Build.0 = Release|Any CPU
		{66CCDABD-47E4-436C-B92A-5AA82BF9820B}.Debug|Any CPU.ActiveCfg = Debug|Any CPU
		{66CCDABD-47E4-436C-B92A-5AA82BF9820B}.Debug|Any CPU.Build.0 = Debug|Any CPU
		{66CCDABD-47E4-436C-B92A-5AA82BF9820B}.Release|Any CPU.ActiveCfg = Release|Any CPU
		{66CCDABD-47E4-436C-B92A-5AA82BF9820B}.Release|Any CPU.Build.0 = Release|Any CPU
		{9A508FD0-A18D-4194-8F39-514CE88F4CF7}.Debug|Any CPU.ActiveCfg = Debug|Any CPU
		{9A508FD0-A18D-4194-8F39-514CE88F4CF7}.Debug|Any CPU.Build.0 = Debug|Any CPU
		{9A508FD0-A18D-4194-8F39-514CE88F4CF7}.Release|Any CPU.ActiveCfg = Release|Any CPU
		{9A508FD0-A18D-4194-8F39-514CE88F4CF7}.Release|Any CPU.Build.0 = Release|Any CPU
	EndGlobalSection
	GlobalSection(SolutionProperties) = preSolution
		HideSolutionNode = FALSE
	EndGlobalSection
	GlobalSection(NestedProjects) = preSolution
		{399BA252-B5D3-4912-A5C2-0760F325837A} = {D393F4F6-8FF4-452C-B1BB-070DEFA7FD31}
		{BD3009C6-BA42-4029-815D-8774ACE59C60} = {D393F4F6-8FF4-452C-B1BB-070DEFA7FD31}
		{D2412FFD-AC36-470D-BF16-E87463A22D26} = {D393F4F6-8FF4-452C-B1BB-070DEFA7FD31}
		{4060760D-0892-4E38-B97F-E05D8D6CED40} = {1AF51888-396D-4451-AB09-1CEC9AAC5BA5}
		{0CB0D4F4-B9BD-490F-B13F-8B8F21DAA85D} = {D393F4F6-8FF4-452C-B1BB-070DEFA7FD31}
		{BB1DF9B4-FAE1-4EFF-B0D3-2003E6415D1E} = {1AF51888-396D-4451-AB09-1CEC9AAC5BA5}
		{57C13842-A341-473A-9114-10C44CF3FE7F} = {D393F4F6-8FF4-452C-B1BB-070DEFA7FD31}
		{2E7E8BCF-3E7E-4A51-924C-D265B6CB2479} = {1AF51888-396D-4451-AB09-1CEC9AAC5BA5}
		{BF653504-69E3-4CE6-9388-9AE4F01B5BF8} = {1AF51888-396D-4451-AB09-1CEC9AAC5BA5}
		{42023F20-F8FF-4A27-8A2A-C3CBAB890CDB} = {D393F4F6-8FF4-452C-B1BB-070DEFA7FD31}
		{A08D3181-D0C3-4CB2-B8BD-29FEF12E7B79} = {1AF51888-396D-4451-AB09-1CEC9AAC5BA5}
		{A08B2636-3521-43CA-BD78-AB32BF242AB8} = {D393F4F6-8FF4-452C-B1BB-070DEFA7FD31}
		{1657256C-4498-4906-A346-D954304080C3} = {1AF51888-396D-4451-AB09-1CEC9AAC5BA5}
		{B52A88C8-427A-4676-8668-C7576F531450} = {D393F4F6-8FF4-452C-B1BB-070DEFA7FD31}
		{D0B7399C-796A-4CD7-AD21-B91435982617} = {1AF51888-396D-4451-AB09-1CEC9AAC5BA5}
		{2B1889EB-DF28-44B9-9160-2E4ECDC40085} = {D393F4F6-8FF4-452C-B1BB-070DEFA7FD31}
		{30F6DD9B-A671-48D8-B674-6287BC98408C} = {1AF51888-396D-4451-AB09-1CEC9AAC5BA5}
		{B1A61347-E394-425A-8A85-D46DD5F08F81} = {D393F4F6-8FF4-452C-B1BB-070DEFA7FD31}
		{F10FF903-7352-450B-9FE6-22889427C75F} = {D393F4F6-8FF4-452C-B1BB-070DEFA7FD31}
		{F76B8F95-FDF6-410F-9E7B-DAD26ABB8930} = {1AF51888-396D-4451-AB09-1CEC9AAC5BA5}
		{9DB96A5F-4B5E-4493-A917-713363E26147} = {D393F4F6-8FF4-452C-B1BB-070DEFA7FD31}
		{DF8F87DA-561E-497B-BDD0-25DDBC8809B8} = {1AF51888-396D-4451-AB09-1CEC9AAC5BA5}
		{F12BFDBD-C950-4307-BEEC-2495332ACD1A} = {D393F4F6-8FF4-452C-B1BB-070DEFA7FD31}
		{A87E3D7C-94B2-432C-ADD9-D908BC928B26} = {1AF51888-396D-4451-AB09-1CEC9AAC5BA5}
		{82AE1167-3D1D-401D-A853-19EDED09A3E6} = {D393F4F6-8FF4-452C-B1BB-070DEFA7FD31}
		{0197C544-A527-4DA4-95FB-3B3C917691E7} = {1AF51888-396D-4451-AB09-1CEC9AAC5BA5}
		{671F3D6C-A10F-45B9-A830-25758DBB10E5} = {43C10571-668A-4C6D-A40F-9613CAB3B21B}
		{00DDB698-C1F7-485B-94BB-2B74D5DDD0BC} = {D393F4F6-8FF4-452C-B1BB-070DEFA7FD31}
		{946F55F1-4CEC-4550-BE78-98A587DECCA6} = {1AF51888-396D-4451-AB09-1CEC9AAC5BA5}
		{A90DCBB4-CC8C-46C7-98B8-D73DA2E4F664} = {D393F4F6-8FF4-452C-B1BB-070DEFA7FD31}
		{844800E1-67FB-4841-AA48-EBBCA67A4AB4} = {1AF51888-396D-4451-AB09-1CEC9AAC5BA5}
		{CA4B8260-9B40-4B39-B103-2FBEA4EAE15F} = {D393F4F6-8FF4-452C-B1BB-070DEFA7FD31}
		{2EDA1B22-24B5-4362-B17C-10AB894C1B57} = {1AF51888-396D-4451-AB09-1CEC9AAC5BA5}
		{66CCDABD-47E4-436C-B92A-5AA82BF9820B} = {D393F4F6-8FF4-452C-B1BB-070DEFA7FD31}
		{9A508FD0-A18D-4194-8F39-514CE88F4CF7} = {1AF51888-396D-4451-AB09-1CEC9AAC5BA5}
	EndGlobalSection
EndGlobal
