
Microsoft Visual Studio Solution File, Format Version 12.00
# Visual Studio Version 16
VisualStudioVersion = 16.0.28606.126
MinimumVisualStudioVersion = 10.0.40219.1
Project("{2150E333-8FDC-42A3-9474-1A3956D46DE8}") = "Src", "Src", "{D393F4F6-8FF4-452C-B1BB-070DEFA7FD31}"
EndProject
Project("{2150E333-8FDC-42A3-9474-1A3956D46DE8}") = "Test", "Test", "{1AF51888-396D-4451-AB09-1CEC9AAC5BA5}"
EndProject
Project("{2150E333-8FDC-42A3-9474-1A3956D46DE8}") = "Solution Items", "Solution Items", "{B28258E1-3587-4F84-B41F-1EE3A9139868}"
	ProjectSection(SolutionItems) = preProject
		Archive.template.html = Archive.template.html
		ArchiveItem.template.html = ArchiveItem.template.html
		bootstrap.min.css = bootstrap.min.css
		ContactPage.template.html = ContactPage.template.html
		ContentItem.template.html = ContentItem.template.html
		ContentPage.template.html = ContentPage.template.html
		Data.json = Data.json
		Homepage.template.html = Homepage.template.html
		PostPage.template.html = PostPage.template.html
		Redirect.template.html = Redirect.template.html
		Style.template.css = Style.template.css
		Syndication.template.xml = Syndication.template.xml
		SyndicationItem.template.xml = SyndicationItem.template.xml
	EndProjectSection
EndProject
Project("{2150E333-8FDC-42A3-9474-1A3956D46DE8}") = "Output", "Output", "{43C10571-668A-4C6D-A40F-9613CAB3B21B}"
EndProject
Project("{9A19103F-16F7-4668-BE54-9A1E7A4F7556}") = "PPTail", "PPTail\PPTail.csproj", "{399BA252-B5D3-4912-A5C2-0760F325837A}"
EndProject
Project("{9A19103F-16F7-4668-BE54-9A1E7A4F7556}") = "PPTail.Common", "PPTail.Common\PPTail.Common.csproj", "{BD3009C6-BA42-4029-815D-8774ACE59C60}"
EndProject
Project("{9A19103F-16F7-4668-BE54-9A1E7A4F7556}") = "PPTail.Data.FileSystem", "PPTail.Data.FileSystem\PPTail.Data.FileSystem.csproj", "{D2412FFD-AC36-470D-BF16-E87463A22D26}"
EndProject
Project("{9A19103F-16F7-4668-BE54-9A1E7A4F7556}") = "PPTail.Data.FileSystem.Test", "PPTail.Data.FileSystem.Test\PPTail.Data.FileSystem.Test.csproj", "{4060760D-0892-4E38-B97F-E05D8D6CED40}"
EndProject
Project("{9A19103F-16F7-4668-BE54-9A1E7A4F7556}") = "PPTail.Generator.T4Html", "PPTail.Generator.T4Html\PPTail.Generator.T4Html.csproj", "{0CB0D4F4-B9BD-490F-B13F-8B8F21DAA85D}"
EndProject
Project("{9A19103F-16F7-4668-BE54-9A1E7A4F7556}") = "PPTail.Generator.T4Html.Test", "PPTail.Generator.T4Html.Test\PPTail.Generator.T4Html.Test.csproj", "{BB1DF9B4-FAE1-4EFF-B0D3-2003E6415D1E}"
EndProject
Project("{9A19103F-16F7-4668-BE54-9A1E7A4F7556}") = "PPTail.SiteGenerator", "PPTail.SiteGenerator\PPTail.SiteGenerator.csproj", "{57C13842-A341-473A-9114-10C44CF3FE7F}"
EndProject
Project("{9A19103F-16F7-4668-BE54-9A1E7A4F7556}") = "PPTail.SiteGenerator.Test", "PPTail.SiteGenerator.Test\PPTail.SiteGenerator.Test.csproj", "{2E7E8BCF-3E7E-4A51-924C-D265B6CB2479}"
EndProject
Project("{9A19103F-16F7-4668-BE54-9A1E7A4F7556}") = "PPTail.Common.Test", "PPTail.Common.Test\PPTail.Common.Test.csproj", "{BF653504-69E3-4CE6-9388-9AE4F01B5BF8}"
EndProject
Project("{9A19103F-16F7-4668-BE54-9A1E7A4F7556}") = "PPTail.Generator.TagCloudStyler", "PPTail.Generator.TagCloudStyler\PPTail.Generator.TagCloudStyler.csproj", "{42023F20-F8FF-4A27-8A2A-C3CBAB890CDB}"
EndProject
Project("{9A19103F-16F7-4668-BE54-9A1E7A4F7556}") = "PPTail.Generator.TagCloudStyler.Test", "PPTail.Generator.TagCloudStyler.Test\PPTail.Generator.TagCloudStyler.Test.csproj", "{A08D3181-D0C3-4CB2-B8BD-29FEF12E7B79}"
EndProject
Project("{9A19103F-16F7-4668-BE54-9A1E7A4F7556}") = "PPTail.Generator.Navigation", "PPTail.Generator.Navigation\PPTail.Generator.Navigation.csproj", "{A08B2636-3521-43CA-BD78-AB32BF242AB8}"
EndProject
Project("{9A19103F-16F7-4668-BE54-9A1E7A4F7556}") = "PPTail.Generator.Navigation.Test", "PPTail.Generator.Navigation.Test\PPTail.Generator.Navigation.Test.csproj", "{1657256C-4498-4906-A346-D954304080C3}"
EndProject
Project("{9A19103F-16F7-4668-BE54-9A1E7A4F7556}") = "PPTail.Generator.Archive", "PPTail.Generator.Archive\PPTail.Generator.Archive.csproj", "{B52A88C8-427A-4676-8668-C7576F531450}"
EndProject
Project("{9A19103F-16F7-4668-BE54-9A1E7A4F7556}") = "PPTail.Generator.Archive.Test", "PPTail.Generator.Archive.Test\PPTail.Generator.Archive.Test.csproj", "{D0B7399C-796A-4CD7-AD21-B91435982617}"
EndProject
Project("{9A19103F-16F7-4668-BE54-9A1E7A4F7556}") = "PPTail.Generator.Contact", "PPTail.Generator.Contact\PPTail.Generator.Contact.csproj", "{2B1889EB-DF28-44B9-9160-2E4ECDC40085}"
EndProject
Project("{9A19103F-16F7-4668-BE54-9A1E7A4F7556}") = "PPTail.Generator.Contact.Test", "PPTail.Generator.Contact.Test\PPTail.Generator.Contact.Test.csproj", "{30F6DD9B-A671-48D8-B674-6287BC98408C}"
EndProject
Project("{9A19103F-16F7-4668-BE54-9A1E7A4F7556}") = "PPTail.Output.FileSystem", "PPTail.Output.FileSystem\PPTail.Output.FileSystem.csproj", "{B1A61347-E394-425A-8A85-D46DD5F08F81}"
EndProject
Project("{9A19103F-16F7-4668-BE54-9A1E7A4F7556}") = "PPTail.Io", "PPTail.Io\PPTail.Io.csproj", "{F10FF903-7352-450B-9FE6-22889427C75F}"
EndProject
Project("{9A19103F-16F7-4668-BE54-9A1E7A4F7556}") = "PPTail.Output.FileSystem.Test", "PPTail.Output.FileSystem.Test\PPTail.Output.FileSystem.Test.csproj", "{F76B8F95-FDF6-410F-9E7B-DAD26ABB8930}"
EndProject
Project("{9A19103F-16F7-4668-BE54-9A1E7A4F7556}") = "PPTail.Generator.Search", "PPTail.Generator.Search\PPTail.Generator.Search.csproj", "{9DB96A5F-4B5E-4493-A917-713363E26147}"
EndProject
Project("{9A19103F-16F7-4668-BE54-9A1E7A4F7556}") = "PPTail.Generator.Search.Test", "PPTail.Generator.Search.Test\PPTail.Generator.Search.Test.csproj", "{DF8F87DA-561E-497B-BDD0-25DDBC8809B8}"
EndProject
Project("{9A19103F-16F7-4668-BE54-9A1E7A4F7556}") = "PPTail.Generator.Redirect", "PPTail.Generator.Redirect\PPTail.Generator.Redirect.csproj", "{F12BFDBD-C950-4307-BEEC-2495332ACD1A}"
EndProject
Project("{9A19103F-16F7-4668-BE54-9A1E7A4F7556}") = "PPTail.Generator.Redirect.Test", "PPTail.Generator.Redirect.Test\PPTail.Generator.Redirect.Test.csproj", "{A87E3D7C-94B2-432C-ADD9-D908BC928B26}"
EndProject
Project("{9A19103F-16F7-4668-BE54-9A1E7A4F7556}") = "PPTail.Generator.Syndication", "PPTail.Generator.Syndication\PPTail.Generator.Syndication.csproj", "{82AE1167-3D1D-401D-A853-19EDED09A3E6}"
EndProject
Project("{9A19103F-16F7-4668-BE54-9A1E7A4F7556}") = "PPTail.Generator.Syndication.Test", "PPTail.Generator.Syndication.Test\PPTail.Generator.Syndication.Test.csproj", "{0197C544-A527-4DA4-95FB-3B3C917691E7}"
EndProject
Project("{9A19103F-16F7-4668-BE54-9A1E7A4F7556}") = "GeneratedWebApp", "GeneratedWebApp\GeneratedWebApp.csproj", "{671F3D6C-A10F-45B9-A830-25758DBB10E5}"
EndProject
Project("{9A19103F-16F7-4668-BE54-9A1E7A4F7556}") = "PPTail.Generator.HomePage", "PPTail.Generator.HomePage\PPTail.Generator.HomePage.csproj", "{00DDB698-C1F7-485B-94BB-2B74D5DDD0BC}"
EndProject
Project("{9A19103F-16F7-4668-BE54-9A1E7A4F7556}") = "PPTail.Generator.HomePage.Test", "PPTail.Generator.HomePage.Test\PPTail.Generator.HomePage.Test.csproj", "{946F55F1-4CEC-4550-BE78-98A587DECCA6}"
EndProject
Project("{9A19103F-16F7-4668-BE54-9A1E7A4F7556}") = "PPTail.Generator.Links", "PPTail.Generator.Links\PPTail.Generator.Links.csproj", "{A90DCBB4-CC8C-46C7-98B8-D73DA2E4F664}"
EndProject
Project("{9A19103F-16F7-4668-BE54-9A1E7A4F7556}") = "PPTail.Generator.Links.Test", "PPTail.Generator.Links.Test\PPTail.Generator.Links.Test.csproj", "{844800E1-67FB-4841-AA48-EBBCA67A4AB4}"
EndProject
Project("{9A19103F-16F7-4668-BE54-9A1E7A4F7556}") = "PPTail.Generator.Template", "PPTail.Generator.Template\PPTail.Generator.Template.csproj", "{CA4B8260-9B40-4B39-B103-2FBEA4EAE15F}"
EndProject
Project("{9A19103F-16F7-4668-BE54-9A1E7A4F7556}") = "PPTail.Generator.Template.Test", "PPTail.Generator.Template.Test\PPTail.Generator.Template.Test.csproj", "{2EDA1B22-24B5-4362-B17C-10AB894C1B57}"
EndProject
Project("{9A19103F-16F7-4668-BE54-9A1E7A4F7556}") = "PPTail.Generator.Encoder", "PPTail.Generator.Encoder\PPTail.Generator.Encoder.csproj", "{66CCDABD-47E4-436C-B92A-5AA82BF9820B}"
EndProject
Project("{9A19103F-16F7-4668-BE54-9A1E7A4F7556}") = "PPTail.Generator.Encoder.Test", "PPTail.Generator.Encoder.Test\PPTail.Generator.Encoder.Test.csproj", "{9A508FD0-A18D-4194-8F39-514CE88F4CF7}"
EndProject
Project("{9A19103F-16F7-4668-BE54-9A1E7A4F7556}") = "PPTail.Generator.ContentPage", "PPTail.Generator.ContentPage\PPTail.Generator.ContentPage.csproj", "{99A3D05F-CB84-4D6F-A2AC-73294195C956}"
EndProject
Project("{9A19103F-16F7-4668-BE54-9A1E7A4F7556}") = "PPTail.Generator.ContentPage.Test", "PPTail.Generator.ContentPage.Test\PPTail.Generator.ContentPage.Test.csproj", "{EED26E4B-1247-463E-AE94-BF2A39B39E80}"
EndProject
Project("{9A19103F-16F7-4668-BE54-9A1E7A4F7556}") = "PPTail.Web.Syndication", "PPTail.Web.Syndication\PPTail.Web.Syndication.csproj", "{28E4131B-9D43-4F9D-851E-5B2E25DC15D4}"
EndProject
Project("{9A19103F-16F7-4668-BE54-9A1E7A4F7556}") = "PPTail.Web.Permalinks", "PPTail.Web.Permalinks\PPTail.Web.Permalinks.csproj", "{6CC91593-DA69-4856-B936-C6AAA5C46E60}"
EndProject
Project("{9A19103F-16F7-4668-BE54-9A1E7A4F7556}") = "PPTail.Web.Permalinks.Test", "PPTail.Web.Permalinks.Test\PPTail.Web.Permalinks.Test.csproj", "{CDDC95D1-A2B9-4882-A5DF-CD90FA48D460}"
EndProject
Project("{9A19103F-16F7-4668-BE54-9A1E7A4F7556}") = "PPTail.Web.Syndication.Test", "PPTail.Web.Syndication.Test\PPTail.Web.Syndication.Test.csproj", "{20B59E42-64FC-4706-A8FE-B2FEC3FF125E}"
EndProject
Project("{9A19103F-16F7-4668-BE54-9A1E7A4F7556}") = "PPTail.Web.PostLocator", "PPTail.Web.PostLocator\PPTail.Web.PostLocator.csproj", "{207710AD-9D3A-436E-A9E1-2AD6A7F3E52F}"
EndProject
Project("{9A19103F-16F7-4668-BE54-9A1E7A4F7556}") = "PPTail.Web.PostLocator.Test", "PPTail.Web.PostLocator.Test\PPTail.Web.PostLocator.Test.csproj", "{47D53F75-D8CB-4604-B87A-234840CBDDCC}"
EndProject
Project("{9A19103F-16F7-4668-BE54-9A1E7A4F7556}") = "PPTail.Generator.PostLocator", "PPTail.Generator.PostLocator\PPTail.Generator.PostLocator.csproj", "{8382B941-4C21-4A7E-A372-14C3F9253218}"
EndProject
Project("{9A19103F-16F7-4668-BE54-9A1E7A4F7556}") = "PPTail.Data.Ef", "PPTail.Data.Ef\PPTail.Data.Ef.csproj", "{98D7888B-9D3A-4A92-ABBF-9F9AB8B1FD37}"
EndProject
Project("{9A19103F-16F7-4668-BE54-9A1E7A4F7556}") = "PPTail.Data.Ef.Test", "PPTail.Data.Ef.Test\PPTail.Data.Ef.Test.csproj", "{03DE8057-76C6-4558-8E50-9E13C32CA310}"
EndProject
Project("{9A19103F-16F7-4668-BE54-9A1E7A4F7556}") = "PPTail.Test", "PPTail.Test\PPTail.Test.csproj", "{5C88D4F3-66D8-4A55-BE67-67AFE8715F1A}"
EndProject
Project("{9A19103F-16F7-4668-BE54-9A1E7A4F7556}") = "PPTail.Data.WordpressFiles", "PPTail.Data.WordpressFiles\PPTail.Data.WordpressFiles.csproj", "{28F28C25-1CF7-4C5D-92C7-A0BF52B89241}"
EndProject
Project("{9A19103F-16F7-4668-BE54-9A1E7A4F7556}") = "PPTConvert", "PPTConvert\PPTConvert.csproj", "{D95771E6-64F9-4D3F-AC5D-48BE5DD8CC6B}"
EndProject
Project("{9A19103F-16F7-4668-BE54-9A1E7A4F7556}") = "PPTail.Data.NativeJson", "PPTail.Data.NativeJson\PPTail.Data.NativeJson.csproj", "{D62D8588-DCCA-4D53-AE34-05347FC46134}"
EndProject
Project("{9A19103F-16F7-4668-BE54-9A1E7A4F7556}") = "PPTail.Data.PhotoBlog", "PPTail.Data.PhotoBlog\PPTail.Data.PhotoBlog.csproj", "{C3488DD6-2EFF-48DD-A724-6AAA49421E38}"
EndProject
Project("{2150E333-8FDC-42A3-9474-1A3956D46DE8}") = "Api", "Api", "{76F0F500-D0DF-42B0-A31F-1A530D3D98E6}"
EndProject
Project("{9A19103F-16F7-4668-BE54-9A1E7A4F7556}") = "PPTail.Data.MediaBlog", "PPTail.Data.MediaBlog\PPTail.Data.MediaBlog.csproj", "{AADDF2E7-5170-4C1D-BAA9-2BD40F2298ED}"
EndProject
Global
	GlobalSection(SolutionConfigurationPlatforms) = preSolution
		Debug|Any CPU = Debug|Any CPU
		Release|Any CPU = Release|Any CPU
	EndGlobalSection
	GlobalSection(ProjectConfigurationPlatforms) = postSolution
		{399BA252-B5D3-4912-A5C2-0760F325837A}.Debug|Any CPU.ActiveCfg = Debug|Any CPU
		{399BA252-B5D3-4912-A5C2-0760F325837A}.Debug|Any CPU.Build.0 = Debug|Any CPU
		{399BA252-B5D3-4912-A5C2-0760F325837A}.Release|Any CPU.ActiveCfg = Release|Any CPU
		{399BA252-B5D3-4912-A5C2-0760F325837A}.Release|Any CPU.Build.0 = Release|Any CPU
		{BD3009C6-BA42-4029-815D-8774ACE59C60}.Debug|Any CPU.ActiveCfg = Debug|Any CPU
		{BD3009C6-BA42-4029-815D-8774ACE59C60}.Debug|Any CPU.Build.0 = Debug|Any CPU
		{BD3009C6-BA42-4029-815D-8774ACE59C60}.Release|Any CPU.ActiveCfg = Release|Any CPU
		{BD3009C6-BA42-4029-815D-8774ACE59C60}.Release|Any CPU.Build.0 = Release|Any CPU
		{D2412FFD-AC36-470D-BF16-E87463A22D26}.Debug|Any CPU.ActiveCfg = Debug|Any CPU
		{D2412FFD-AC36-470D-BF16-E87463A22D26}.Debug|Any CPU.Build.0 = Debug|Any CPU
		{D2412FFD-AC36-470D-BF16-E87463A22D26}.Release|Any CPU.ActiveCfg = Release|Any CPU
		{D2412FFD-AC36-470D-BF16-E87463A22D26}.Release|Any CPU.Build.0 = Release|Any CPU
		{4060760D-0892-4E38-B97F-E05D8D6CED40}.Debug|Any CPU.ActiveCfg = Debug|Any CPU
		{4060760D-0892-4E38-B97F-E05D8D6CED40}.Debug|Any CPU.Build.0 = Debug|Any CPU
		{4060760D-0892-4E38-B97F-E05D8D6CED40}.Release|Any CPU.ActiveCfg = Release|Any CPU
		{4060760D-0892-4E38-B97F-E05D8D6CED40}.Release|Any CPU.Build.0 = Release|Any CPU
		{0CB0D4F4-B9BD-490F-B13F-8B8F21DAA85D}.Debug|Any CPU.ActiveCfg = Debug|Any CPU
		{0CB0D4F4-B9BD-490F-B13F-8B8F21DAA85D}.Debug|Any CPU.Build.0 = Debug|Any CPU
		{0CB0D4F4-B9BD-490F-B13F-8B8F21DAA85D}.Release|Any CPU.ActiveCfg = Release|Any CPU
		{0CB0D4F4-B9BD-490F-B13F-8B8F21DAA85D}.Release|Any CPU.Build.0 = Release|Any CPU
		{BB1DF9B4-FAE1-4EFF-B0D3-2003E6415D1E}.Debug|Any CPU.ActiveCfg = Debug|Any CPU
		{BB1DF9B4-FAE1-4EFF-B0D3-2003E6415D1E}.Debug|Any CPU.Build.0 = Debug|Any CPU
		{BB1DF9B4-FAE1-4EFF-B0D3-2003E6415D1E}.Release|Any CPU.ActiveCfg = Release|Any CPU
		{BB1DF9B4-FAE1-4EFF-B0D3-2003E6415D1E}.Release|Any CPU.Build.0 = Release|Any CPU
		{57C13842-A341-473A-9114-10C44CF3FE7F}.Debug|Any CPU.ActiveCfg = Debug|Any CPU
		{57C13842-A341-473A-9114-10C44CF3FE7F}.Debug|Any CPU.Build.0 = Debug|Any CPU
		{57C13842-A341-473A-9114-10C44CF3FE7F}.Release|Any CPU.ActiveCfg = Release|Any CPU
		{57C13842-A341-473A-9114-10C44CF3FE7F}.Release|Any CPU.Build.0 = Release|Any CPU
		{2E7E8BCF-3E7E-4A51-924C-D265B6CB2479}.Debug|Any CPU.ActiveCfg = Debug|Any CPU
		{2E7E8BCF-3E7E-4A51-924C-D265B6CB2479}.Debug|Any CPU.Build.0 = Debug|Any CPU
		{2E7E8BCF-3E7E-4A51-924C-D265B6CB2479}.Release|Any CPU.ActiveCfg = Release|Any CPU
		{2E7E8BCF-3E7E-4A51-924C-D265B6CB2479}.Release|Any CPU.Build.0 = Release|Any CPU
		{BF653504-69E3-4CE6-9388-9AE4F01B5BF8}.Debug|Any CPU.ActiveCfg = Debug|Any CPU
		{BF653504-69E3-4CE6-9388-9AE4F01B5BF8}.Debug|Any CPU.Build.0 = Debug|Any CPU
		{BF653504-69E3-4CE6-9388-9AE4F01B5BF8}.Release|Any CPU.ActiveCfg = Release|Any CPU
		{BF653504-69E3-4CE6-9388-9AE4F01B5BF8}.Release|Any CPU.Build.0 = Release|Any CPU
		{42023F20-F8FF-4A27-8A2A-C3CBAB890CDB}.Debug|Any CPU.ActiveCfg = Debug|Any CPU
		{42023F20-F8FF-4A27-8A2A-C3CBAB890CDB}.Debug|Any CPU.Build.0 = Debug|Any CPU
		{42023F20-F8FF-4A27-8A2A-C3CBAB890CDB}.Release|Any CPU.ActiveCfg = Release|Any CPU
		{42023F20-F8FF-4A27-8A2A-C3CBAB890CDB}.Release|Any CPU.Build.0 = Release|Any CPU
		{A08D3181-D0C3-4CB2-B8BD-29FEF12E7B79}.Debug|Any CPU.ActiveCfg = Debug|Any CPU
		{A08D3181-D0C3-4CB2-B8BD-29FEF12E7B79}.Debug|Any CPU.Build.0 = Debug|Any CPU
		{A08D3181-D0C3-4CB2-B8BD-29FEF12E7B79}.Release|Any CPU.ActiveCfg = Release|Any CPU
		{A08D3181-D0C3-4CB2-B8BD-29FEF12E7B79}.Release|Any CPU.Build.0 = Release|Any CPU
		{A08B2636-3521-43CA-BD78-AB32BF242AB8}.Debug|Any CPU.ActiveCfg = Debug|Any CPU
		{A08B2636-3521-43CA-BD78-AB32BF242AB8}.Debug|Any CPU.Build.0 = Debug|Any CPU
		{A08B2636-3521-43CA-BD78-AB32BF242AB8}.Release|Any CPU.ActiveCfg = Release|Any CPU
		{A08B2636-3521-43CA-BD78-AB32BF242AB8}.Release|Any CPU.Build.0 = Release|Any CPU
		{1657256C-4498-4906-A346-D954304080C3}.Debug|Any CPU.ActiveCfg = Debug|Any CPU
		{1657256C-4498-4906-A346-D954304080C3}.Debug|Any CPU.Build.0 = Debug|Any CPU
		{1657256C-4498-4906-A346-D954304080C3}.Release|Any CPU.ActiveCfg = Release|Any CPU
		{1657256C-4498-4906-A346-D954304080C3}.Release|Any CPU.Build.0 = Release|Any CPU
		{B52A88C8-427A-4676-8668-C7576F531450}.Debug|Any CPU.ActiveCfg = Debug|Any CPU
		{B52A88C8-427A-4676-8668-C7576F531450}.Debug|Any CPU.Build.0 = Debug|Any CPU
		{B52A88C8-427A-4676-8668-C7576F531450}.Release|Any CPU.ActiveCfg = Release|Any CPU
		{B52A88C8-427A-4676-8668-C7576F531450}.Release|Any CPU.Build.0 = Release|Any CPU
		{D0B7399C-796A-4CD7-AD21-B91435982617}.Debug|Any CPU.ActiveCfg = Debug|Any CPU
		{D0B7399C-796A-4CD7-AD21-B91435982617}.Debug|Any CPU.Build.0 = Debug|Any CPU
		{D0B7399C-796A-4CD7-AD21-B91435982617}.Release|Any CPU.ActiveCfg = Release|Any CPU
		{D0B7399C-796A-4CD7-AD21-B91435982617}.Release|Any CPU.Build.0 = Release|Any CPU
		{2B1889EB-DF28-44B9-9160-2E4ECDC40085}.Debug|Any CPU.ActiveCfg = Debug|Any CPU
		{2B1889EB-DF28-44B9-9160-2E4ECDC40085}.Debug|Any CPU.Build.0 = Debug|Any CPU
		{2B1889EB-DF28-44B9-9160-2E4ECDC40085}.Release|Any CPU.ActiveCfg = Release|Any CPU
		{2B1889EB-DF28-44B9-9160-2E4ECDC40085}.Release|Any CPU.Build.0 = Release|Any CPU
		{30F6DD9B-A671-48D8-B674-6287BC98408C}.Debug|Any CPU.ActiveCfg = Debug|Any CPU
		{30F6DD9B-A671-48D8-B674-6287BC98408C}.Debug|Any CPU.Build.0 = Debug|Any CPU
		{30F6DD9B-A671-48D8-B674-6287BC98408C}.Release|Any CPU.ActiveCfg = Release|Any CPU
		{30F6DD9B-A671-48D8-B674-6287BC98408C}.Release|Any CPU.Build.0 = Release|Any CPU
		{B1A61347-E394-425A-8A85-D46DD5F08F81}.Debug|Any CPU.ActiveCfg = Debug|Any CPU
		{B1A61347-E394-425A-8A85-D46DD5F08F81}.Debug|Any CPU.Build.0 = Debug|Any CPU
		{B1A61347-E394-425A-8A85-D46DD5F08F81}.Release|Any CPU.ActiveCfg = Release|Any CPU
		{B1A61347-E394-425A-8A85-D46DD5F08F81}.Release|Any CPU.Build.0 = Release|Any CPU
		{F10FF903-7352-450B-9FE6-22889427C75F}.Debug|Any CPU.ActiveCfg = Debug|Any CPU
		{F10FF903-7352-450B-9FE6-22889427C75F}.Debug|Any CPU.Build.0 = Debug|Any CPU
		{F10FF903-7352-450B-9FE6-22889427C75F}.Release|Any CPU.ActiveCfg = Release|Any CPU
		{F10FF903-7352-450B-9FE6-22889427C75F}.Release|Any CPU.Build.0 = Release|Any CPU
		{F76B8F95-FDF6-410F-9E7B-DAD26ABB8930}.Debug|Any CPU.ActiveCfg = Debug|Any CPU
		{F76B8F95-FDF6-410F-9E7B-DAD26ABB8930}.Debug|Any CPU.Build.0 = Debug|Any CPU
		{F76B8F95-FDF6-410F-9E7B-DAD26ABB8930}.Release|Any CPU.ActiveCfg = Release|Any CPU
		{F76B8F95-FDF6-410F-9E7B-DAD26ABB8930}.Release|Any CPU.Build.0 = Release|Any CPU
		{9DB96A5F-4B5E-4493-A917-713363E26147}.Debug|Any CPU.ActiveCfg = Debug|Any CPU
		{9DB96A5F-4B5E-4493-A917-713363E26147}.Debug|Any CPU.Build.0 = Debug|Any CPU
		{9DB96A5F-4B5E-4493-A917-713363E26147}.Release|Any CPU.ActiveCfg = Release|Any CPU
		{9DB96A5F-4B5E-4493-A917-713363E26147}.Release|Any CPU.Build.0 = Release|Any CPU
		{DF8F87DA-561E-497B-BDD0-25DDBC8809B8}.Debug|Any CPU.ActiveCfg = Debug|Any CPU
		{DF8F87DA-561E-497B-BDD0-25DDBC8809B8}.Debug|Any CPU.Build.0 = Debug|Any CPU
		{DF8F87DA-561E-497B-BDD0-25DDBC8809B8}.Release|Any CPU.ActiveCfg = Release|Any CPU
		{DF8F87DA-561E-497B-BDD0-25DDBC8809B8}.Release|Any CPU.Build.0 = Release|Any CPU
		{F12BFDBD-C950-4307-BEEC-2495332ACD1A}.Debug|Any CPU.ActiveCfg = Debug|Any CPU
		{F12BFDBD-C950-4307-BEEC-2495332ACD1A}.Debug|Any CPU.Build.0 = Debug|Any CPU
		{F12BFDBD-C950-4307-BEEC-2495332ACD1A}.Release|Any CPU.ActiveCfg = Release|Any CPU
		{F12BFDBD-C950-4307-BEEC-2495332ACD1A}.Release|Any CPU.Build.0 = Release|Any CPU
		{A87E3D7C-94B2-432C-ADD9-D908BC928B26}.Debug|Any CPU.ActiveCfg = Debug|Any CPU
		{A87E3D7C-94B2-432C-ADD9-D908BC928B26}.Debug|Any CPU.Build.0 = Debug|Any CPU
		{A87E3D7C-94B2-432C-ADD9-D908BC928B26}.Release|Any CPU.ActiveCfg = Release|Any CPU
		{A87E3D7C-94B2-432C-ADD9-D908BC928B26}.Release|Any CPU.Build.0 = Release|Any CPU
		{82AE1167-3D1D-401D-A853-19EDED09A3E6}.Debug|Any CPU.ActiveCfg = Debug|Any CPU
		{82AE1167-3D1D-401D-A853-19EDED09A3E6}.Debug|Any CPU.Build.0 = Debug|Any CPU
		{82AE1167-3D1D-401D-A853-19EDED09A3E6}.Release|Any CPU.ActiveCfg = Release|Any CPU
		{82AE1167-3D1D-401D-A853-19EDED09A3E6}.Release|Any CPU.Build.0 = Release|Any CPU
		{0197C544-A527-4DA4-95FB-3B3C917691E7}.Debug|Any CPU.ActiveCfg = Debug|Any CPU
		{0197C544-A527-4DA4-95FB-3B3C917691E7}.Debug|Any CPU.Build.0 = Debug|Any CPU
		{0197C544-A527-4DA4-95FB-3B3C917691E7}.Release|Any CPU.ActiveCfg = Release|Any CPU
		{0197C544-A527-4DA4-95FB-3B3C917691E7}.Release|Any CPU.Build.0 = Release|Any CPU
		{671F3D6C-A10F-45B9-A830-25758DBB10E5}.Debug|Any CPU.ActiveCfg = Debug|Any CPU
		{671F3D6C-A10F-45B9-A830-25758DBB10E5}.Debug|Any CPU.Build.0 = Debug|Any CPU
		{671F3D6C-A10F-45B9-A830-25758DBB10E5}.Release|Any CPU.ActiveCfg = Release|Any CPU
		{671F3D6C-A10F-45B9-A830-25758DBB10E5}.Release|Any CPU.Build.0 = Release|Any CPU
		{00DDB698-C1F7-485B-94BB-2B74D5DDD0BC}.Debug|Any CPU.ActiveCfg = Debug|Any CPU
		{00DDB698-C1F7-485B-94BB-2B74D5DDD0BC}.Debug|Any CPU.Build.0 = Debug|Any CPU
		{00DDB698-C1F7-485B-94BB-2B74D5DDD0BC}.Release|Any CPU.ActiveCfg = Release|Any CPU
		{00DDB698-C1F7-485B-94BB-2B74D5DDD0BC}.Release|Any CPU.Build.0 = Release|Any CPU
		{946F55F1-4CEC-4550-BE78-98A587DECCA6}.Debug|Any CPU.ActiveCfg = Debug|Any CPU
		{946F55F1-4CEC-4550-BE78-98A587DECCA6}.Debug|Any CPU.Build.0 = Debug|Any CPU
		{946F55F1-4CEC-4550-BE78-98A587DECCA6}.Release|Any CPU.ActiveCfg = Release|Any CPU
		{946F55F1-4CEC-4550-BE78-98A587DECCA6}.Release|Any CPU.Build.0 = Release|Any CPU
		{A90DCBB4-CC8C-46C7-98B8-D73DA2E4F664}.Debug|Any CPU.ActiveCfg = Debug|Any CPU
		{A90DCBB4-CC8C-46C7-98B8-D73DA2E4F664}.Debug|Any CPU.Build.0 = Debug|Any CPU
		{A90DCBB4-CC8C-46C7-98B8-D73DA2E4F664}.Release|Any CPU.ActiveCfg = Release|Any CPU
		{A90DCBB4-CC8C-46C7-98B8-D73DA2E4F664}.Release|Any CPU.Build.0 = Release|Any CPU
		{844800E1-67FB-4841-AA48-EBBCA67A4AB4}.Debug|Any CPU.ActiveCfg = Debug|Any CPU
		{844800E1-67FB-4841-AA48-EBBCA67A4AB4}.Debug|Any CPU.Build.0 = Debug|Any CPU
		{844800E1-67FB-4841-AA48-EBBCA67A4AB4}.Release|Any CPU.ActiveCfg = Release|Any CPU
		{844800E1-67FB-4841-AA48-EBBCA67A4AB4}.Release|Any CPU.Build.0 = Release|Any CPU
		{CA4B8260-9B40-4B39-B103-2FBEA4EAE15F}.Debug|Any CPU.ActiveCfg = Debug|Any CPU
		{CA4B8260-9B40-4B39-B103-2FBEA4EAE15F}.Debug|Any CPU.Build.0 = Debug|Any CPU
		{CA4B8260-9B40-4B39-B103-2FBEA4EAE15F}.Release|Any CPU.ActiveCfg = Release|Any CPU
		{CA4B8260-9B40-4B39-B103-2FBEA4EAE15F}.Release|Any CPU.Build.0 = Release|Any CPU
		{2EDA1B22-24B5-4362-B17C-10AB894C1B57}.Debug|Any CPU.ActiveCfg = Debug|Any CPU
		{2EDA1B22-24B5-4362-B17C-10AB894C1B57}.Debug|Any CPU.Build.0 = Debug|Any CPU
		{2EDA1B22-24B5-4362-B17C-10AB894C1B57}.Release|Any CPU.ActiveCfg = Release|Any CPU
		{2EDA1B22-24B5-4362-B17C-10AB894C1B57}.Release|Any CPU.Build.0 = Release|Any CPU
		{66CCDABD-47E4-436C-B92A-5AA82BF9820B}.Debug|Any CPU.ActiveCfg = Debug|Any CPU
		{66CCDABD-47E4-436C-B92A-5AA82BF9820B}.Debug|Any CPU.Build.0 = Debug|Any CPU
		{66CCDABD-47E4-436C-B92A-5AA82BF9820B}.Release|Any CPU.ActiveCfg = Release|Any CPU
		{66CCDABD-47E4-436C-B92A-5AA82BF9820B}.Release|Any CPU.Build.0 = Release|Any CPU
		{9A508FD0-A18D-4194-8F39-514CE88F4CF7}.Debug|Any CPU.ActiveCfg = Debug|Any CPU
		{9A508FD0-A18D-4194-8F39-514CE88F4CF7}.Debug|Any CPU.Build.0 = Debug|Any CPU
		{9A508FD0-A18D-4194-8F39-514CE88F4CF7}.Release|Any CPU.ActiveCfg = Release|Any CPU
		{9A508FD0-A18D-4194-8F39-514CE88F4CF7}.Release|Any CPU.Build.0 = Release|Any CPU
		{99A3D05F-CB84-4D6F-A2AC-73294195C956}.Debug|Any CPU.ActiveCfg = Debug|Any CPU
		{99A3D05F-CB84-4D6F-A2AC-73294195C956}.Debug|Any CPU.Build.0 = Debug|Any CPU
		{99A3D05F-CB84-4D6F-A2AC-73294195C956}.Release|Any CPU.ActiveCfg = Release|Any CPU
		{99A3D05F-CB84-4D6F-A2AC-73294195C956}.Release|Any CPU.Build.0 = Release|Any CPU
		{EED26E4B-1247-463E-AE94-BF2A39B39E80}.Debug|Any CPU.ActiveCfg = Debug|Any CPU
		{EED26E4B-1247-463E-AE94-BF2A39B39E80}.Debug|Any CPU.Build.0 = Debug|Any CPU
		{EED26E4B-1247-463E-AE94-BF2A39B39E80}.Release|Any CPU.ActiveCfg = Release|Any CPU
		{EED26E4B-1247-463E-AE94-BF2A39B39E80}.Release|Any CPU.Build.0 = Release|Any CPU
		{28E4131B-9D43-4F9D-851E-5B2E25DC15D4}.Debug|Any CPU.ActiveCfg = Debug|Any CPU
		{28E4131B-9D43-4F9D-851E-5B2E25DC15D4}.Debug|Any CPU.Build.0 = Debug|Any CPU
		{28E4131B-9D43-4F9D-851E-5B2E25DC15D4}.Release|Any CPU.ActiveCfg = Release|Any CPU
		{28E4131B-9D43-4F9D-851E-5B2E25DC15D4}.Release|Any CPU.Build.0 = Release|Any CPU
		{6CC91593-DA69-4856-B936-C6AAA5C46E60}.Debug|Any CPU.ActiveCfg = Debug|Any CPU
		{6CC91593-DA69-4856-B936-C6AAA5C46E60}.Debug|Any CPU.Build.0 = Debug|Any CPU
		{6CC91593-DA69-4856-B936-C6AAA5C46E60}.Release|Any CPU.ActiveCfg = Release|Any CPU
		{6CC91593-DA69-4856-B936-C6AAA5C46E60}.Release|Any CPU.Build.0 = Release|Any CPU
		{CDDC95D1-A2B9-4882-A5DF-CD90FA48D460}.Debug|Any CPU.ActiveCfg = Debug|Any CPU
		{CDDC95D1-A2B9-4882-A5DF-CD90FA48D460}.Debug|Any CPU.Build.0 = Debug|Any CPU
		{CDDC95D1-A2B9-4882-A5DF-CD90FA48D460}.Release|Any CPU.ActiveCfg = Release|Any CPU
		{CDDC95D1-A2B9-4882-A5DF-CD90FA48D460}.Release|Any CPU.Build.0 = Release|Any CPU
		{20B59E42-64FC-4706-A8FE-B2FEC3FF125E}.Debug|Any CPU.ActiveCfg = Debug|Any CPU
		{20B59E42-64FC-4706-A8FE-B2FEC3FF125E}.Debug|Any CPU.Build.0 = Debug|Any CPU
		{20B59E42-64FC-4706-A8FE-B2FEC3FF125E}.Release|Any CPU.ActiveCfg = Release|Any CPU
		{20B59E42-64FC-4706-A8FE-B2FEC3FF125E}.Release|Any CPU.Build.0 = Release|Any CPU
		{207710AD-9D3A-436E-A9E1-2AD6A7F3E52F}.Debug|Any CPU.ActiveCfg = Debug|Any CPU
		{207710AD-9D3A-436E-A9E1-2AD6A7F3E52F}.Debug|Any CPU.Build.0 = Debug|Any CPU
		{207710AD-9D3A-436E-A9E1-2AD6A7F3E52F}.Release|Any CPU.ActiveCfg = Release|Any CPU
		{207710AD-9D3A-436E-A9E1-2AD6A7F3E52F}.Release|Any CPU.Build.0 = Release|Any CPU
		{47D53F75-D8CB-4604-B87A-234840CBDDCC}.Debug|Any CPU.ActiveCfg = Debug|Any CPU
		{47D53F75-D8CB-4604-B87A-234840CBDDCC}.Debug|Any CPU.Build.0 = Debug|Any CPU
		{47D53F75-D8CB-4604-B87A-234840CBDDCC}.Release|Any CPU.ActiveCfg = Release|Any CPU
		{47D53F75-D8CB-4604-B87A-234840CBDDCC}.Release|Any CPU.Build.0 = Release|Any CPU
		{8382B941-4C21-4A7E-A372-14C3F9253218}.Debug|Any CPU.ActiveCfg = Debug|Any CPU
		{8382B941-4C21-4A7E-A372-14C3F9253218}.Debug|Any CPU.Build.0 = Debug|Any CPU
		{8382B941-4C21-4A7E-A372-14C3F9253218}.Release|Any CPU.ActiveCfg = Release|Any CPU
		{8382B941-4C21-4A7E-A372-14C3F9253218}.Release|Any CPU.Build.0 = Release|Any CPU
		{98D7888B-9D3A-4A92-ABBF-9F9AB8B1FD37}.Debug|Any CPU.ActiveCfg = Debug|Any CPU
		{98D7888B-9D3A-4A92-ABBF-9F9AB8B1FD37}.Debug|Any CPU.Build.0 = Debug|Any CPU
		{98D7888B-9D3A-4A92-ABBF-9F9AB8B1FD37}.Release|Any CPU.ActiveCfg = Release|Any CPU
		{98D7888B-9D3A-4A92-ABBF-9F9AB8B1FD37}.Release|Any CPU.Build.0 = Release|Any CPU
		{03DE8057-76C6-4558-8E50-9E13C32CA310}.Debug|Any CPU.ActiveCfg = Debug|Any CPU
		{03DE8057-76C6-4558-8E50-9E13C32CA310}.Debug|Any CPU.Build.0 = Debug|Any CPU
		{03DE8057-76C6-4558-8E50-9E13C32CA310}.Release|Any CPU.ActiveCfg = Release|Any CPU
		{03DE8057-76C6-4558-8E50-9E13C32CA310}.Release|Any CPU.Build.0 = Release|Any CPU
		{5C88D4F3-66D8-4A55-BE67-67AFE8715F1A}.Debug|Any CPU.ActiveCfg = Debug|Any CPU
		{5C88D4F3-66D8-4A55-BE67-67AFE8715F1A}.Debug|Any CPU.Build.0 = Debug|Any CPU
		{5C88D4F3-66D8-4A55-BE67-67AFE8715F1A}.Release|Any CPU.ActiveCfg = Release|Any CPU
		{5C88D4F3-66D8-4A55-BE67-67AFE8715F1A}.Release|Any CPU.Build.0 = Release|Any CPU
		{28F28C25-1CF7-4C5D-92C7-A0BF52B89241}.Debug|Any CPU.ActiveCfg = Debug|Any CPU
		{28F28C25-1CF7-4C5D-92C7-A0BF52B89241}.Debug|Any CPU.Build.0 = Debug|Any CPU
		{28F28C25-1CF7-4C5D-92C7-A0BF52B89241}.Release|Any CPU.ActiveCfg = Release|Any CPU
		{28F28C25-1CF7-4C5D-92C7-A0BF52B89241}.Release|Any CPU.Build.0 = Release|Any CPU
		{D95771E6-64F9-4D3F-AC5D-48BE5DD8CC6B}.Debug|Any CPU.ActiveCfg = Debug|Any CPU
		{D95771E6-64F9-4D3F-AC5D-48BE5DD8CC6B}.Debug|Any CPU.Build.0 = Debug|Any CPU
		{D95771E6-64F9-4D3F-AC5D-48BE5DD8CC6B}.Release|Any CPU.ActiveCfg = Release|Any CPU
		{D95771E6-64F9-4D3F-AC5D-48BE5DD8CC6B}.Release|Any CPU.Build.0 = Release|Any CPU
		{D62D8588-DCCA-4D53-AE34-05347FC46134}.Debug|Any CPU.ActiveCfg = Debug|Any CPU
		{D62D8588-DCCA-4D53-AE34-05347FC46134}.Debug|Any CPU.Build.0 = Debug|Any CPU
		{D62D8588-DCCA-4D53-AE34-05347FC46134}.Release|Any CPU.ActiveCfg = Release|Any CPU
		{D62D8588-DCCA-4D53-AE34-05347FC46134}.Release|Any CPU.Build.0 = Release|Any CPU
		{C3488DD6-2EFF-48DD-A724-6AAA49421E38}.Debug|Any CPU.ActiveCfg = Debug|Any CPU
		{C3488DD6-2EFF-48DD-A724-6AAA49421E38}.Debug|Any CPU.Build.0 = Debug|Any CPU
		{C3488DD6-2EFF-48DD-A724-6AAA49421E38}.Release|Any CPU.ActiveCfg = Release|Any CPU
		{C3488DD6-2EFF-48DD-A724-6AAA49421E38}.Release|Any CPU.Build.0 = Release|Any CPU
		{AADDF2E7-5170-4C1D-BAA9-2BD40F2298ED}.Debug|Any CPU.ActiveCfg = Debug|Any CPU
		{AADDF2E7-5170-4C1D-BAA9-2BD40F2298ED}.Debug|Any CPU.Build.0 = Debug|Any CPU
		{AADDF2E7-5170-4C1D-BAA9-2BD40F2298ED}.Release|Any CPU.ActiveCfg = Release|Any CPU
		{AADDF2E7-5170-4C1D-BAA9-2BD40F2298ED}.Release|Any CPU.Build.0 = Release|Any CPU
	EndGlobalSection
	GlobalSection(SolutionProperties) = preSolution
		HideSolutionNode = FALSE
	EndGlobalSection
	GlobalSection(NestedProjects) = preSolution
		{399BA252-B5D3-4912-A5C2-0760F325837A} = {D393F4F6-8FF4-452C-B1BB-070DEFA7FD31}
		{BD3009C6-BA42-4029-815D-8774ACE59C60} = {D393F4F6-8FF4-452C-B1BB-070DEFA7FD31}
		{D2412FFD-AC36-470D-BF16-E87463A22D26} = {D393F4F6-8FF4-452C-B1BB-070DEFA7FD31}
		{4060760D-0892-4E38-B97F-E05D8D6CED40} = {1AF51888-396D-4451-AB09-1CEC9AAC5BA5}
		{0CB0D4F4-B9BD-490F-B13F-8B8F21DAA85D} = {D393F4F6-8FF4-452C-B1BB-070DEFA7FD31}
		{BB1DF9B4-FAE1-4EFF-B0D3-2003E6415D1E} = {1AF51888-396D-4451-AB09-1CEC9AAC5BA5}
		{57C13842-A341-473A-9114-10C44CF3FE7F} = {D393F4F6-8FF4-452C-B1BB-070DEFA7FD31}
		{2E7E8BCF-3E7E-4A51-924C-D265B6CB2479} = {1AF51888-396D-4451-AB09-1CEC9AAC5BA5}
		{BF653504-69E3-4CE6-9388-9AE4F01B5BF8} = {1AF51888-396D-4451-AB09-1CEC9AAC5BA5}
		{42023F20-F8FF-4A27-8A2A-C3CBAB890CDB} = {D393F4F6-8FF4-452C-B1BB-070DEFA7FD31}
		{A08D3181-D0C3-4CB2-B8BD-29FEF12E7B79} = {1AF51888-396D-4451-AB09-1CEC9AAC5BA5}
		{A08B2636-3521-43CA-BD78-AB32BF242AB8} = {D393F4F6-8FF4-452C-B1BB-070DEFA7FD31}
		{1657256C-4498-4906-A346-D954304080C3} = {1AF51888-396D-4451-AB09-1CEC9AAC5BA5}
		{B52A88C8-427A-4676-8668-C7576F531450} = {D393F4F6-8FF4-452C-B1BB-070DEFA7FD31}
		{D0B7399C-796A-4CD7-AD21-B91435982617} = {1AF51888-396D-4451-AB09-1CEC9AAC5BA5}
		{2B1889EB-DF28-44B9-9160-2E4ECDC40085} = {D393F4F6-8FF4-452C-B1BB-070DEFA7FD31}
		{30F6DD9B-A671-48D8-B674-6287BC98408C} = {1AF51888-396D-4451-AB09-1CEC9AAC5BA5}
		{B1A61347-E394-425A-8A85-D46DD5F08F81} = {D393F4F6-8FF4-452C-B1BB-070DEFA7FD31}
		{F10FF903-7352-450B-9FE6-22889427C75F} = {D393F4F6-8FF4-452C-B1BB-070DEFA7FD31}
		{F76B8F95-FDF6-410F-9E7B-DAD26ABB8930} = {1AF51888-396D-4451-AB09-1CEC9AAC5BA5}
		{9DB96A5F-4B5E-4493-A917-713363E26147} = {D393F4F6-8FF4-452C-B1BB-070DEFA7FD31}
		{DF8F87DA-561E-497B-BDD0-25DDBC8809B8} = {1AF51888-396D-4451-AB09-1CEC9AAC5BA5}
		{F12BFDBD-C950-4307-BEEC-2495332ACD1A} = {D393F4F6-8FF4-452C-B1BB-070DEFA7FD31}
		{A87E3D7C-94B2-432C-ADD9-D908BC928B26} = {1AF51888-396D-4451-AB09-1CEC9AAC5BA5}
		{82AE1167-3D1D-401D-A853-19EDED09A3E6} = {D393F4F6-8FF4-452C-B1BB-070DEFA7FD31}
		{0197C544-A527-4DA4-95FB-3B3C917691E7} = {1AF51888-396D-4451-AB09-1CEC9AAC5BA5}
		{671F3D6C-A10F-45B9-A830-25758DBB10E5} = {43C10571-668A-4C6D-A40F-9613CAB3B21B}
		{00DDB698-C1F7-485B-94BB-2B74D5DDD0BC} = {D393F4F6-8FF4-452C-B1BB-070DEFA7FD31}
		{946F55F1-4CEC-4550-BE78-98A587DECCA6} = {1AF51888-396D-4451-AB09-1CEC9AAC5BA5}
		{A90DCBB4-CC8C-46C7-98B8-D73DA2E4F664} = {D393F4F6-8FF4-452C-B1BB-070DEFA7FD31}
		{844800E1-67FB-4841-AA48-EBBCA67A4AB4} = {1AF51888-396D-4451-AB09-1CEC9AAC5BA5}
		{CA4B8260-9B40-4B39-B103-2FBEA4EAE15F} = {D393F4F6-8FF4-452C-B1BB-070DEFA7FD31}
		{2EDA1B22-24B5-4362-B17C-10AB894C1B57} = {1AF51888-396D-4451-AB09-1CEC9AAC5BA5}
		{66CCDABD-47E4-436C-B92A-5AA82BF9820B} = {D393F4F6-8FF4-452C-B1BB-070DEFA7FD31}
		{9A508FD0-A18D-4194-8F39-514CE88F4CF7} = {1AF51888-396D-4451-AB09-1CEC9AAC5BA5}
		{99A3D05F-CB84-4D6F-A2AC-73294195C956} = {D393F4F6-8FF4-452C-B1BB-070DEFA7FD31}
		{EED26E4B-1247-463E-AE94-BF2A39B39E80} = {1AF51888-396D-4451-AB09-1CEC9AAC5BA5}
		{28E4131B-9D43-4F9D-851E-5B2E25DC15D4} = {D393F4F6-8FF4-452C-B1BB-070DEFA7FD31}
		{6CC91593-DA69-4856-B936-C6AAA5C46E60} = {D393F4F6-8FF4-452C-B1BB-070DEFA7FD31}
		{CDDC95D1-A2B9-4882-A5DF-CD90FA48D460} = {1AF51888-396D-4451-AB09-1CEC9AAC5BA5}
		{20B59E42-64FC-4706-A8FE-B2FEC3FF125E} = {1AF51888-396D-4451-AB09-1CEC9AAC5BA5}
		{207710AD-9D3A-436E-A9E1-2AD6A7F3E52F} = {D393F4F6-8FF4-452C-B1BB-070DEFA7FD31}
		{47D53F75-D8CB-4604-B87A-234840CBDDCC} = {1AF51888-396D-4451-AB09-1CEC9AAC5BA5}
		{98D7888B-9D3A-4A92-ABBF-9F9AB8B1FD37} = {D393F4F6-8FF4-452C-B1BB-070DEFA7FD31}
		{03DE8057-76C6-4558-8E50-9E13C32CA310} = {1AF51888-396D-4451-AB09-1CEC9AAC5BA5}
		{5C88D4F3-66D8-4A55-BE67-67AFE8715F1A} = {1AF51888-396D-4451-AB09-1CEC9AAC5BA5}
		{28F28C25-1CF7-4C5D-92C7-A0BF52B89241} = {D393F4F6-8FF4-452C-B1BB-070DEFA7FD31}
		{D95771E6-64F9-4D3F-AC5D-48BE5DD8CC6B} = {D393F4F6-8FF4-452C-B1BB-070DEFA7FD31}
		{D62D8588-DCCA-4D53-AE34-05347FC46134} = {D393F4F6-8FF4-452C-B1BB-070DEFA7FD31}
		{C3488DD6-2EFF-48DD-A724-6AAA49421E38} = {D393F4F6-8FF4-452C-B1BB-070DEFA7FD31}
		{AADDF2E7-5170-4C1D-BAA9-2BD40F2298ED} = {D393F4F6-8FF4-452C-B1BB-070DEFA7FD31}
	EndGlobalSection
	GlobalSection(ExtensibilityGlobals) = postSolution
		SolutionGuid = {6C6FD3D6-AA5B-4B33-A93A-E8286791C3F4}
	EndGlobalSection
EndGlobal
